
Microsoft Visual Studio Solution File, Format Version 12.00
EndProject
Global
	GlobalSection(SolutionConfigurationPlatforms) = preSolution
		Debug|Any CPU = Debug|Any CPU
		Release|Any CPU = Release|Any CPU
	EndGlobalSection
	GlobalSection(ProjectConfigurationPlatforms) = postSolution
		{B3411429-801B-4683-8960-FCB7339228D7}.Debug|Any CPU.ActiveCfg = Debug|Any CPU
		{B3411429-801B-4683-8960-FCB7339228D7}.Debug|Any CPU.Build.0 = Debug|Any CPU
		{B3411429-801B-4683-8960-FCB7339228D7}.Release|Any CPU.ActiveCfg = Release|Any CPU
		{B3411429-801B-4683-8960-FCB7339228D7}.Release|Any CPU.Build.0 = Release|Any CPU
	EndGlobalSection
EndGlobal
